{
  "requires": true,
  "lockfileVersion": 1,
  "dependencies": {
    "slugify": {
      "version": "1.5.3",
      "resolved": "https://registry.npmjs.org/slugify/-/slugify-1.5.3.tgz",
      "integrity": "sha512-/HkjRdwPY3yHJReXu38NiusZw2+LLE2SrhkWJtmlPDB1fqFSvioYj62NkPcrKiNCgRLeGcGK7QBvr1iQwybeXw=="
    }
  }
}
